
Microsoft Visual Studio Solution File, Format Version 12.00
# Visual Studio 2015
Project("{FAE04EC0-301F-11D3-BF4B-00C04F79EFBC}") = "TangoWithMultiplayer.Plugins", "TangoWithMultiplayer.Plugins.csproj", "{69C9D01F-3512-8FCC-A73F-97409AED911A}"
EndProject
Project("{FAE04EC0-301F-11D3-BF4B-00C04F79EFBC}") = "TangoWithMultiplayer", "TangoWithMultiplayer.csproj", "{78ABEC7D-B24C-D7A9-943E-F0E0037A86EE}"
EndProject
Project("{FAE04EC0-301F-11D3-BF4B-00C04F79EFBC}") = "TangoWithMultiplayer.Editor", "TangoWithMultiplayer.Editor.csproj", "{B3053F05-ADCC-A275-62E1-B4E705B21D86}"
EndProject
Global
	GlobalSection(SolutionConfigurationPlatforms) = preSolution
		Debug|Any CPU = Debug|Any CPU
		Release|Any CPU = Release|Any CPU
	EndGlobalSection
	GlobalSection(ProjectConfigurationPlatforms) = postSolution
		{69C9D01F-3512-8FCC-A73F-97409AED911A}.Debug|Any CPU.ActiveCfg = Debug|Any CPU
		{69C9D01F-3512-8FCC-A73F-97409AED911A}.Debug|Any CPU.Build.0 = Debug|Any CPU
		{69C9D01F-3512-8FCC-A73F-97409AED911A}.Release|Any CPU.ActiveCfg = Release|Any CPU
		{69C9D01F-3512-8FCC-A73F-97409AED911A}.Release|Any CPU.Build.0 = Release|Any CPU
		{78ABEC7D-B24C-D7A9-943E-F0E0037A86EE}.Debug|Any CPU.ActiveCfg = Debug|Any CPU
		{78ABEC7D-B24C-D7A9-943E-F0E0037A86EE}.Debug|Any CPU.Build.0 = Debug|Any CPU
		{78ABEC7D-B24C-D7A9-943E-F0E0037A86EE}.Release|Any CPU.ActiveCfg = Release|Any CPU
		{78ABEC7D-B24C-D7A9-943E-F0E0037A86EE}.Release|Any CPU.Build.0 = Release|Any CPU
		{B3053F05-ADCC-A275-62E1-B4E705B21D86}.Debug|Any CPU.ActiveCfg = Debug|Any CPU
		{B3053F05-ADCC-A275-62E1-B4E705B21D86}.Debug|Any CPU.Build.0 = Debug|Any CPU
		{B3053F05-ADCC-A275-62E1-B4E705B21D86}.Release|Any CPU.ActiveCfg = Release|Any CPU
		{B3053F05-ADCC-A275-62E1-B4E705B21D86}.Release|Any CPU.Build.0 = Release|Any CPU
	EndGlobalSection
	GlobalSection(SolutionProperties) = preSolution
		HideSolutionNode = FALSE
	EndGlobalSection
EndGlobal
